Microsoft Visual Studio Solution File, Format Version 12.00
# Visual Studio Version 17
VisualStudioVersion = 17.5.2.0
MinimumVisualStudioVersion = 10.0.40219.1
Project("{2150E333-8FDC-42A3-9474-1A3956D46DE8}") = "dotnet", "dotnet", "{71E6E750-85FD-B5BC-4321-E01377EC6231}"
EndProject
Project("{FAE04EC0-301F-11D3-BF4B-00C04F79EFBC}") = "AksUpgrade", "dotnet\AksUpgrade.csproj", "{5B02829C-238A-009F-12DE-93CF0303B85C}"
EndProject
Global
	GlobalSection(SolutionConfigurationPlatforms) = preSolution
		Debug|Any CPU = Debug|Any CPU
		Release|Any CPU = Release|Any CPU
	EndGlobalSection
	GlobalSection(ProjectConfigurationPlatforms) = postSolution
		{5B02829C-238A-009F-12DE-93CF0303B85C}.Debug|Any CPU.ActiveCfg = Debug|Any CPU
		{5B02829C-238A-009F-12DE-93CF0303B85C}.Debug|Any CPU.Build.0 = Debug|Any CPU
		{5B02829C-238A-009F-12DE-93CF0303B85C}.Release|Any CPU.ActiveCfg = Release|Any CPU
		{5B02829C-238A-009F-12DE-93CF0303B85C}.Release|Any CPU.Build.0 = Release|Any CPU
	EndGlobalSection
	GlobalSection(SolutionProperties) = preSolution
		HideSolutionNode = FALSE
	EndGlobalSection
	GlobalSection(NestedProjects) = preSolution
		{5B02829C-238A-009F-12DE-93CF0303B85C} = {71E6E750-85FD-B5BC-4321-E01377EC6231}
	EndGlobalSection
	GlobalSection(ExtensibilityGlobals) = postSolution
		SolutionGuid = {914E1A70-B619-4457-B9D9-9DF5670F57CA}
	EndGlobalSection
EndGlobal
